// !$*UTF8*$!
{
	archiveVersion = 1;
	classes = {
	};
	objectVersion = 50;
	objects = {

/* Begin PBXBuildFile section */
		AF852AC824E20262004C5D82 /* AppDelegate.swift in Sources */ = {isa = PBXBuildFile; fileRef = AF852AC724E20262004C5D82 /* AppDelegate.swift */; };
		AF852ACA24E20262004C5D82 /* GameScene.sks in Resources */ = {isa = PBXBuildFile; fileRef = AF852AC924E20262004C5D82 /* GameScene.sks */; };
		AF852ACC24E20262004C5D82 /* Actions.sks in Resources */ = {isa = PBXBuildFile; fileRef = AF852ACB24E20262004C5D82 /* Actions.sks */; };
		AF852ACE24E20262004C5D82 /* GameScene.swift in Sources */ = {isa = PBXBuildFile; fileRef = AF852ACD24E20262004C5D82 /* GameScene.swift */; };
		AF852AD024E20262004C5D82 /* GameViewController.swift in Sources */ = {isa = PBXBuildFile; fileRef = AF852ACF24E20262004C5D82 /* GameViewController.swift */; };
		AF852AD324E20262004C5D82 /* Main.storyboard in Resources */ = {isa = PBXBuildFile; fileRef = AF852AD124E20262004C5D82 /* Main.storyboard */; };
		AF852AD524E20263004C5D82 /* Assets.xcassets in Resources */ = {isa = PBXBuildFile; fileRef = AF852AD424E20263004C5D82 /* Assets.xcassets */; };
		AF852AD824E20263004C5D82 /* LaunchScreen.storyboard in Resources */ = {isa = PBXBuildFile; fileRef = AF852AD624E20263004C5D82 /* LaunchScreen.storyboard */; };
		AF852AE324E20263004C5D82 /* PongTests.swift in Sources */ = {isa = PBXBuildFile; fileRef = AF852AE224E20263004C5D82 /* PongTests.swift */; };
		AF852AEE24E20263004C5D82 /* PongUITests.swift in Sources */ = {isa = PBXBuildFile; fileRef = AF852AED24E20263004C5D82 /* PongUITests.swift */; };
		AF852AFC24E30357004C5D82 /* LLPIXEL3.ttf in Resources */ = {isa = PBXBuildFile; fileRef = AF852AFB24E30357004C5D82 /* LLPIXEL3.ttf */; };
		AF96D4B624E30E8600256A8F /* MenuVC.swift in Sources */ = {isa = PBXBuildFile; fileRef = AF96D4B524E30E8600256A8F /* MenuVC.swift */; };
/* End PBXBuildFile section */

/* Begin PBXContainerItemProxy section */
		AF852ADF24E20263004C5D82 /* PBXContainerItemProxy */ = {
			isa = PBXContainerItemProxy;
			containerPortal = AF852ABC24E20261004C5D82 /* Project object */;
			proxyType = 1;
			remoteGlobalIDString = AF852AC324E20262004C5D82;
			remoteInfo = Pong;
		};
		AF852AEA24E20263004C5D82 /* PBXContainerItemProxy */ = {
			isa = PBXContainerItemProxy;
			containerPortal = AF852ABC24E20261004C5D82 /* Project object */;
			proxyType = 1;
			remoteGlobalIDString = AF852AC324E20262004C5D82;
			remoteInfo = Pong;
		};
/* End PBXContainerItemProxy section */

/* Begin PBXFileReference section */
		AF852AC424E20262004C5D82 /* Pong.app */ = {isa = PBXFileReference; explicitFileType = wrapper.application; includeInIndex = 0; path = Pong.app; sourceTree = BUILT_PRODUCTS_DIR; };
		AF852AC724E20262004C5D82 /* AppDelegate.swift */ = {isa = PBXFileReference; lastKnownFileType = sourcecode.swift; path = AppDelegate.swift; sourceTree = "<group>"; };
		AF852AC924E20262004C5D82 /* GameScene.sks */ = {isa = PBXFileReference; lastKnownFileType = file.sks; path = GameScene.sks; sourceTree = "<group>"; };
		AF852ACB24E20262004C5D82 /* Actions.sks */ = {isa = PBXFileReference; lastKnownFileType = file.sks; path = Actions.sks; sourceTree = "<group>"; };
		AF852ACD24E20262004C5D82 /* GameScene.swift */ = {isa = PBXFileReference; lastKnownFileType = sourcecode.swift; path = GameScene.swift; sourceTree = "<group>"; };
		AF852ACF24E20262004C5D82 /* GameViewController.swift */ = {isa = PBXFileReference; lastKnownFileType = sourcecode.swift; path = GameViewController.swift; sourceTree = "<group>"; };
		AF852AD224E20262004C5D82 /* Base */ = {isa = PBXFileReference; lastKnownFileType = file.storyboard; name = Base; path = Base.lproj/Main.storyboard; sourceTree = "<group>"; };
		AF852AD424E20263004C5D82 /* Assets.xcassets */ = {isa = PBXFileReference; lastKnownFileType = folder.assetcatalog; path = Assets.xcassets; sourceTree = "<group>"; };
		AF852AD724E20263004C5D82 /* Base */ = {isa = PBXFileReference; lastKnownFileType = file.storyboard; name = Base; path = Base.lproj/LaunchScreen.storyboard; sourceTree = "<group>"; };
		AF852AD924E20263004C5D82 /* Info.plist */ = {isa = PBXFileReference; lastKnownFileType = text.plist.xml; path = Info.plist; sourceTree = "<group>"; };
		AF852ADE24E20263004C5D82 /* PongTests.xctest */ = {isa = PBXFileReference; explicitFileType = wrapper.cfbundle; includeInIndex = 0; path = PongTests.xctest; sourceTree = BUILT_PRODUCTS_DIR; };
		AF852AE224E20263004C5D82 /* PongTests.swift */ = {isa = PBXFileReference; lastKnownFileType = sourcecode.swift; path = PongTests.swift; sourceTree = "<group>"; };
		AF852AE424E20263004C5D82 /* Info.plist */ = {isa = PBXFileReference; lastKnownFileType = text.plist.xml; path = Info.plist; sourceTree = "<group>"; };
		AF852AE924E20263004C5D82 /* PongUITests.xctest */ = {isa = PBXFileReference; explicitFileType = wrapper.cfbundle; includeInIndex = 0; path = PongUITests.xctest; sourceTree = BUILT_PRODUCTS_DIR; };
		AF852AED24E20263004C5D82 /* PongUITests.swift */ = {isa = PBXFileReference; lastKnownFileType = sourcecode.swift; path = PongUITests.swift; sourceTree = "<group>"; };
		AF852AEF24E20263004C5D82 /* Info.plist */ = {isa = PBXFileReference; lastKnownFileType = text.plist.xml; path = Info.plist; sourceTree = "<group>"; };
		AF852AFB24E30357004C5D82 /* LLPIXEL3.ttf */ = {isa = PBXFileReference; lastKnownFileType = file; path = LLPIXEL3.ttf; sourceTree = "<group>"; };
		AF96D4B524E30E8600256A8F /* MenuVC.swift */ = {isa = PBXFileReference; lastKnownFileType = sourcecode.swift; lineEnding = 0; path = MenuVC.swift; sourceTree = "<group>"; };
/* End PBXFileReference section */

/* Begin PBXFrameworksBuildPhase section */
		AF852AC124E20262004C5D82 /* Frameworks */ = {
			isa = PBXFrameworksBuildPhase;
			buildActionMask = 2147483647;
			files = (
			);
			runOnlyForDeploymentPostprocessing = 0;
		};
		AF852ADB24E20263004C5D82 /* Frameworks */ = {
			isa = PBXFrameworksBuildPhase;
			buildActionMask = 2147483647;
			files = (
			);
			runOnlyForDeploymentPostprocessing = 0;
		};
		AF852AE624E20263004C5D82 /* Frameworks */ = {
			isa = PBXFrameworksBuildPhase;
			buildActionMask = 2147483647;
			files = (
			);
			runOnlyForDeploymentPostprocessing = 0;
		};
/* End PBXFrameworksBuildPhase section */

/* Begin PBXGroup section */
		AF852ABB24E20261004C5D82 = {
			isa = PBXGroup;
			children = (
				AF852AC624E20262004C5D82 /* Pong */,
				AF852AE124E20263004C5D82 /* PongTests */,
				AF852AEC24E20263004C5D82 /* PongUITests */,
				AF852AC524E20262004C5D82 /* Products */,
			);
			sourceTree = "<group>";
		};
		AF852AC524E20262004C5D82 /* Products */ = {
			isa = PBXGroup;
			children = (
				AF852AC424E20262004C5D82 /* Pong.app */,
				AF852ADE24E20263004C5D82 /* PongTests.xctest */,
				AF852AE924E20263004C5D82 /* PongUITests.xctest */,
			);
			name = Products;
			sourceTree = "<group>";
		};
		AF852AC624E20262004C5D82 /* Pong */ = {
			isa = PBXGroup;
			children = (
				AF852AFB24E30357004C5D82 /* LLPIXEL3.ttf */,
				AF852AC724E20262004C5D82 /* AppDelegate.swift */,
				AF852AC924E20262004C5D82 /* GameScene.sks */,
				AF852ACB24E20262004C5D82 /* Actions.sks */,
				AF852ACD24E20262004C5D82 /* GameScene.swift */,
				AF852ACF24E20262004C5D82 /* GameViewController.swift */,
				AF852AD124E20262004C5D82 /* Main.storyboard */,
				AF96D4B524E30E8600256A8F /* MenuVC.swift */,
				AF852AD424E20263004C5D82 /* Assets.xcassets */,
				AF852AD624E20263004C5D82 /* LaunchScreen.storyboard */,
				AF852AD924E20263004C5D82 /* Info.plist */,
			);
			path = Pong;
			sourceTree = "<group>";
		};
		AF852AE124E20263004C5D82 /* PongTests */ = {
			isa = PBXGroup;
			children = (
				AF852AE224E20263004C5D82 /* PongTests.swift */,
				AF852AE424E20263004C5D82 /* Info.plist */,
			);
			path = PongTests;
			sourceTree = "<group>";
		};
		AF852AEC24E20263004C5D82 /* PongUITests */ = {
			isa = PBXGroup;
			children = (
				AF852AED24E20263004C5D82 /* PongUITests.swift */,
				AF852AEF24E20263004C5D82 /* Info.plist */,
			);
			path = PongUITests;
			sourceTree = "<group>";
		};
/* End PBXGroup section */

/* Begin PBXNativeTarget section */
		AF852AC324E20262004C5D82 /* Pong */ = {
			isa = PBXNativeTarget;
			buildConfigurationList = AF852AF224E20263004C5D82 /* Build configuration list for PBXNativeTarget "Pong" */;
			buildPhases = (
				AF852AC024E20262004C5D82 /* Sources */,
				AF852AC124E20262004C5D82 /* Frameworks */,
				AF852AC224E20262004C5D82 /* Resources */,
			);
			buildRules = (
			);
			dependencies = (
			);
			name = Pong;
			productName = Pong;
			productReference = AF852AC424E20262004C5D82 /* Pong.app */;
			productType = "com.apple.product-type.application";
		};
		AF852ADD24E20263004C5D82 /* PongTests */ = {
			isa = PBXNativeTarget;
			buildConfigurationList = AF852AF524E20263004C5D82 /* Build configuration list for PBXNativeTarget "PongTests" */;
			buildPhases = (
				AF852ADA24E20263004C5D82 /* Sources */,
				AF852ADB24E20263004C5D82 /* Frameworks */,
				AF852ADC24E20263004C5D82 /* Resources */,
			);
			buildRules = (
			);
			dependencies = (
				AF852AE024E20263004C5D82 /* PBXTargetDependency */,
			);
			name = PongTests;
			productName = PongTests;
			productReference = AF852ADE24E20263004C5D82 /* PongTests.xctest */;
			productType = "com.apple.product-type.bundle.unit-test";
		};
		AF852AE824E20263004C5D82 /* PongUITests */ = {
			isa = PBXNativeTarget;
			buildConfigurationList = AF852AF824E20263004C5D82 /* Build configuration list for PBXNativeTarget "PongUITests" */;
			buildPhases = (
				AF852AE524E20263004C5D82 /* Sources */,
				AF852AE624E20263004C5D82 /* Frameworks */,
				AF852AE724E20263004C5D82 /* Resources */,
			);
			buildRules = (
			);
			dependencies = (
				AF852AEB24E20263004C5D82 /* PBXTargetDependency */,
			);
			name = PongUITests;
			productName = PongUITests;
			productReference = AF852AE924E20263004C5D82 /* PongUITests.xctest */;
			productType = "com.apple.product-type.bundle.ui-testing";
		};
/* End PBXNativeTarget section */

/* Begin PBXProject section */
		AF852ABC24E20261004C5D82 /* Project object */ = {
			isa = PBXProject;
			attributes = {
				LastSwiftUpdateCheck = 1160;
				LastUpgradeCheck = 1160;
				ORGANIZATIONNAME = "Salil Punalekar";
				TargetAttributes = {
					AF852AC324E20262004C5D82 = {
						CreatedOnToolsVersion = 11.6;
					};
					AF852ADD24E20263004C5D82 = {
						CreatedOnToolsVersion = 11.6;
						TestTargetID = AF852AC324E20262004C5D82;
					};
					AF852AE824E20263004C5D82 = {
						CreatedOnToolsVersion = 11.6;
						TestTargetID = AF852AC324E20262004C5D82;
					};
				};
			};
			buildConfigurationList = AF852ABF24E20262004C5D82 /* Build configuration list for PBXProject "Pong" */;
			compatibilityVersion = "Xcode 9.3";
			developmentRegion = en;
			hasScannedForEncodings = 0;
			knownRegions = (
				en,
				Base,
			);
			mainGroup = AF852ABB24E20261004C5D82;
			productRefGroup = AF852AC524E20262004C5D82 /* Products */;
			projectDirPath = "";
			projectRoot = "";
			targets = (
				AF852AC324E20262004C5D82 /* Pong */,
				AF852ADD24E20263004C5D82 /* PongTests */,
				AF852AE824E20263004C5D82 /* PongUITests */,
			);
		};
/* End PBXProject section */

/* Begin PBXResourcesBuildPhase section */
		AF852AC224E20262004C5D82 /* Resources */ = {
			isa = PBXResourcesBuildPhase;
			buildActionMask = 2147483647;
			files = (
				AF852AD324E20262004C5D82 /* Main.storyboard in Resources */,
				AF852AFC24E30357004C5D82 /* LLPIXEL3.ttf in Resources */,
				AF852ACA24E20262004C5D82 /* GameScene.sks in Resources */,
				AF852AD524E20263004C5D82 /* Assets.xcassets in Resources */,
				AF852AD824E20263004C5D82 /* LaunchScreen.storyboard in Resources */,
				AF852ACC24E20262004C5D82 /* Actions.sks in Resources */,
			);
			runOnlyForDeploymentPostprocessing = 0;
		};
		AF852ADC24E20263004C5D82 /* Resources */ = {
			isa = PBXResourcesBuildPhase;
			buildActionMask = 2147483647;
			files = (
			);
			runOnlyForDeploymentPostprocessing = 0;
		};
		AF852AE724E20263004C5D82 /* Resources */ = {
			isa = PBXResourcesBuildPhase;
			buildActionMask = 2147483647;
			files = (
			);
			runOnlyForDeploymentPostprocessing = 0;
		};
/* End PBXResourcesBuildPhase section */

/* Begin PBXSourcesBuildPhase section */
		AF852AC024E20262004C5D82 /* Sources */ = {
			isa = PBXSourcesBuildPhase;
			buildActionMask = 2147483647;
			files = (
				AF852ACE24E20262004C5D82 /* GameScene.swift in Sources */,
				AF96D4B624E30E8600256A8F /* MenuVC.swift in Sources */,
				AF852AD024E20262004C5D82 /* GameViewController.swift in Sources */,
				AF852AC824E20262004C5D82 /* AppDelegate.swift in Sources */,
			);
			runOnlyForDeploymentPostprocessing = 0;
		};
		AF852ADA24E20263004C5D82 /* Sources */ = {
			isa = PBXSourcesBuildPhase;
			buildActionMask = 2147483647;
			files = (
				AF852AE324E20263004C5D82 /* PongTests.swift in Sources */,
			);
			runOnlyForDeploymentPostprocessing = 0;
		};
		AF852AE524E20263004C5D82 /* Sources */ = {
			isa = PBXSourcesBuildPhase;
			buildActionMask = 2147483647;
			files = (
				AF852AEE24E20263004C5D82 /* PongUITests.swift in Sources */,
			);
			runOnlyForDeploymentPostprocessing = 0;
		};
/* End PBXSourcesBuildPhase section */

/* Begin PBXTargetDependency section */
		AF852AE024E20263004C5D82 /* PBXTargetDependency */ = {
			isa = PBXTargetDependency;
			target = AF852AC324E20262004C5D82 /* Pong */;
			targetProxy = AF852ADF24E20263004C5D82 /* PBXContainerItemProxy */;
		};
		AF852AEB24E20263004C5D82 /* PBXTargetDependency */ = {
			isa = PBXTargetDependency;
			target = AF852AC324E20262004C5D82 /* Pong */;
			targetProxy = AF852AEA24E20263004C5D82 /* PBXContainerItemProxy */;
		};
/* End PBXTargetDependency section */

/* Begin PBXVariantGroup section */
		AF852AD124E20262004C5D82 /* Main.storyboard */ = {
			isa = PBXVariantGroup;
			children = (
				AF852AD224E20262004C5D82 /* Base */,
			);
			name = Main.storyboard;
			sourceTree = "<group>";
		};
		AF852AD624E20263004C5D82 /* LaunchScreen.storyboard */ = {
			isa = PBXVariantGroup;
			children = (
				AF852AD724E20263004C5D82 /* Base */,
			);
			name = LaunchScreen.storyboard;
			sourceTree = "<group>";
		};
/* End PBXVariantGroup section */

/* Begin XCBuildConfiguration section */
		AF852AF024E20263004C5D82 /* Debug */ = {
			isa = XCBuildConfiguration;
			buildSettings = {
				ALWAYS_SEARCH_USER_PATHS = NO;
				CLANG_ANALYZER_NONNULL = YES;
				CLANG_ANALYZER_NUMBER_OBJECT_CONVERSION = YES_AGGRESSIVE;
				CLANG_CXX_LANGUAGE_STANDARD = "gnu++14";
				CLANG_CXX_LIBRARY = "libc++";
				CLANG_ENABLE_MODULES = YES;
				CLANG_ENABLE_OBJC_ARC = YES;
				CLANG_ENABLE_OBJC_WEAK = YES;
				CLANG_WARN_BLOCK_CAPTURE_AUTORELEASING = YES;
				CLANG_WARN_BOOL_CONVERSION = YES;
				CLANG_WARN_COMMA = YES;
				CLANG_WARN_CONSTANT_CONVERSION = YES;
				CLANG_WARN_DEPRECATED_OBJC_IMPLEMENTATIONS = YES;
				CLANG_WARN_DIRECT_OBJC_ISA_USAGE = YES_ERROR;
				CLANG_WARN_DOCUMENTATION_COMMENTS = YES;
				CLANG_WARN_EMPTY_BODY = YES;
				CLANG_WARN_ENUM_CONVERSION = YES;
				CLANG_WARN_INFINITE_RECURSION = YES;
				CLANG_WARN_INT_CONVERSION = YES;
				CLANG_WARN_NON_LITERAL_NULL_CONVERSION = YES;
				CLANG_WARN_OBJC_IMPLICIT_RETAIN_SELF = YES;
				CLANG_WARN_OBJC_LITERAL_CONVERSION = YES;
				CLANG_WARN_OBJC_ROOT_CLASS = YES_ERROR;
				CLANG_WARN_RANGE_LOOP_ANALYSIS = YES;
				CLANG_WARN_STRICT_PROTOTYPES = YES;
				CLANG_WARN_SUSPICIOUS_MOVE = YES;
				CLANG_WARN_UNGUARDED_AVAILABILITY = YES_AGGRESSIVE;
				CLANG_WARN_UNREACHABLE_CODE = YES;
				CLANG_WARN__DUPLICATE_METHOD_MATCH = YES;
				COPY_PHASE_STRIP = NO;
				DEBUG_INFORMATION_FORMAT = dwarf;
				ENABLE_STRICT_OBJC_MSGSEND = YES;
				ENABLE_TESTABILITY = YES;
				GCC_C_LANGUAGE_STANDARD = gnu11;
				GCC_DYNAMIC_NO_PIC = NO;
				GCC_NO_COMMON_BLOCKS = YES;
				GCC_OPTIMIZATION_LEVEL = 0;
				GCC_PREPROCESSOR_DEFINITIONS = (
					"DEBUG=1",
					"$(inherited)",
				);
				GCC_WARN_64_TO_32_BIT_CONVERSION = YES;
				GCC_WARN_ABOUT_RETURN_TYPE = YES_ERROR;
				GCC_WARN_UNDECLARED_SELECTOR = YES;
				GCC_WARN_UNINITIALIZED_AUTOS = YES_AGGRESSIVE;
				GCC_WARN_UNUSED_FUNCTION = YES;
				GCC_WARN_UNUSED_VARIABLE = YES;
				IPHONEOS_DEPLOYMENT_TARGET = 13.6;
				MTL_ENABLE_DEBUG_INFO = INCLUDE_SOURCE;
				MTL_FAST_MATH = YES;
				ONLY_ACTIVE_ARCH = YES;
				SDKROOT = iphoneos;
				SWIFT_ACTIVE_COMPILATION_CONDITIONS = DEBUG;
				SWIFT_OPTIMIZATION_LEVEL = "-Onone";
			};
			name = Debug;
		};
		AF852AF124E20263004C5D82 /* Release */ = {
			isa = XCBuildConfiguration;
			buildSettings = {
				ALWAYS_SEARCH_USER_PATHS = NO;
				CLANG_ANALYZER_NONNULL = YES;
				CLANG_ANALYZER_NUMBER_OBJECT_CONVERSION = YES_AGGRESSIVE;
				CLANG_CXX_LANGUAGE_STANDARD = "gnu++14";
				CLANG_CXX_LIBRARY = "libc++";
				CLANG_ENABLE_MODULES = YES;
				CLANG_ENABLE_OBJC_ARC = YES;
				CLANG_ENABLE_OBJC_WEAK = YES;
				CLANG_WARN_BLOCK_CAPTURE_AUTORELEASING = YES;
				CLANG_WARN_BOOL_CONVERSION = YES;
				CLANG_WARN_COMMA = YES;
				CLANG_WARN_CONSTANT_CONVERSION = YES;
				CLANG_WARN_DEPRECATED_OBJC_IMPLEMENTATIONS = YES;
				CLANG_WARN_DIRECT_OBJC_ISA_USAGE = YES_ERROR;
				CLANG_WARN_DOCUMENTATION_COMMENTS = YES;
				CLANG_WARN_EMPTY_BODY = YES;
				CLANG_WARN_ENUM_CONVERSION = YES;
				CLANG_WARN_INFINITE_RECURSION = YES;
				CLANG_WARN_INT_CONVERSION = YES;
				CLANG_WARN_NON_LITERAL_NULL_CONVERSION = YES;
				CLANG_WARN_OBJC_IMPLICIT_RETAIN_SELF = YES;
				CLANG_WARN_OBJC_LITERAL_CONVERSION = YES;
				CLANG_WARN_OBJC_ROOT_CLASS = YES_ERROR;
				CLANG_WARN_RANGE_LOOP_ANALYSIS = YES;
				CLANG_WARN_STRICT_PROTOTYPES = YES;
				CLANG_WARN_SUSPICIOUS_MOVE = YES;
				CLANG_WARN_UNGUARDED_AVAILABILITY = YES_AGGRESSIVE;
				CLANG_WARN_UNREACHABLE_CODE = YES;
				CLANG_WARN__DUPLICATE_METHOD_MATCH = YES;
				COPY_PHASE_STRIP = NO;
				DEBUG_INFORMATION_FORMAT = "dwarf-with-dsym";
				ENABLE_NS_ASSERTIONS = NO;
				ENABLE_STRICT_OBJC_MSGSEND = YES;
				GCC_C_LANGUAGE_STANDARD = gnu11;
				GCC_NO_COMMON_BLOCKS = YES;
				GCC_WARN_64_TO_32_BIT_CONVERSION = YES;
				GCC_WARN_ABOUT_RETURN_TYPE = YES_ERROR;
				GCC_WARN_UNDECLARED_SELECTOR = YES;
				GCC_WARN_UNINITIALIZED_AUTOS = YES_AGGRESSIVE;
				GCC_WARN_UNUSED_FUNCTION = YES;
				GCC_WARN_UNUSED_VARIABLE = YES;
				IPHONEOS_DEPLOYMENT_TARGET = 13.6;
				MTL_ENABLE_DEBUG_INFO = NO;
				MTL_FAST_MATH = YES;
				SDKROOT = iphoneos;
				SWIFT_COMPILATION_MODE = wholemodule;
				SWIFT_OPTIMIZATION_LEVEL = "-O";
				VALIDATE_PRODUCT = YES;
			};
			name = Release;
		};
		AF852AF324E20263004C5D82 /* Debug */ = {
			isa = XCBuildConfiguration;
			buildSettings = {
				ASSETCATALOG_COMPILER_APPICON_NAME = AppIcon;
				CODE_SIGN_STYLE = Automatic;
				DEVELOPMENT_TEAM = 2S4BB7DLU9;
				INFOPLIST_FILE = Pong/Info.plist;
				LD_RUNPATH_SEARCH_PATHS = (
					"$(inherited)",
					"@executable_path/Frameworks",
				);
				PRODUCT_BUNDLE_IDENTIFIER = com.salilpunalekar.Pong;
				PRODUCT_NAME = "$(TARGET_NAME)";
				SWIFT_VERSION = 5.0;
				TARGETED_DEVICE_FAMILY = "1,2";
			};
			name = Debug;
		};
		AF852AF424E20263004C5D82 /* Release */ = {
			isa = XCBuildConfiguration;
			buildSettings = {
				ASSETCATALOG_COMPILER_APPICON_NAME = AppIcon;
				CODE_SIGN_STYLE = Automatic;
				DEVELOPMENT_TEAM = 2S4BB7DLU9;
				INFOPLIST_FILE = Pong/Info.plist;
				LD_RUNPATH_SEARCH_PATHS = (
					"$(inherited)",
					"@executable_path/Frameworks",
				);
				PRODUCT_BUNDLE_IDENTIFIER = com.salilpunalekar.Pong;
				PRODUCT_NAME = "$(TARGET_NAME)";
				SWIFT_VERSION = 5.0;
				TARGETED_DEVICE_FAMILY = "1,2";
			};
			name = Release;
		};
		AF852AF624E20263004C5D82 /* Debug */ = {
			isa = XCBuildConfiguration;
			buildSettings = {
				ALWAYS_EMBED_SWIFT_STANDARD_LIBRARIES = YES;
				BUNDLE_LOADER = "$(TEST_HOST)";
				CODE_SIGN_STYLE = Automatic;
				INFOPLIST_FILE = PongTests/Info.plist;
				IPHONEOS_DEPLOYMENT_TARGET = 13.6;
				LD_RUNPATH_SEARCH_PATHS = (
					"$(inherited)",
					"@executable_path/Frameworks",
					"@loader_path/Frameworks",
				);
				PRODUCT_BUNDLE_IDENTIFIER = com.salilpunalekar.PongTests;
				PRODUCT_NAME = "$(TARGET_NAME)";
				SWIFT_VERSION = 5.0;
				TARGETED_DEVICE_FAMILY = "1,2";
				TEST_HOST = "$(BUILT_PRODUCTS_DIR)/Pong.app/Pong";
			};
			name = Debug;
		};
		AF852AF724E20263004C5D82 /* Release */ = {
			isa = XCBuildConfiguration;
			buildSettings = {
				ALWAYS_EMBED_SWIFT_STANDARD_LIBRARIES = YES;
				BUNDLE_LOADER = "$(TEST_HOST)";
				CODE_SIGN_STYLE = Automatic;
				INFOPLIST_FILE = PongTests/Info.plist;
				IPHONEOS_DEPLOYMENT_TARGET = 13.6;
				LD_RUNPATH_SEARCH_PATHS = (
					"$(inherited)",
					"@executable_path/Frameworks",
					"@loader_path/Frameworks",
				);
				PRODUCT_BUNDLE_IDENTIFIER = com.salilpunalekar.PongTests;
				PRODUCT_NAME = "$(TARGET_NAME)";
				SWIFT_VERSION = 5.0;
				TARGETED_DEVICE_FAMILY = "1,2";
				TEST_HOST = "$(BUILT_PRODUCTS_DIR)/Pong.app/Pong";
			};
			name = Release;
		};
		AF852AF924E20263004C5D82 /* Debug */ = {
			isa = XCBuildConfiguration;
			buildSettings = {
				ALWAYS_EMBED_SWIFT_STANDARD_LIBRARIES = YES;
				CODE_SIGN_STYLE = Automatic;
				INFOPLIST_FILE = PongUITests/Info.plist;
				LD_RUNPATH_SEARCH_PATHS = (
					"$(inherited)",
					"@executable_path/Frameworks",
					"@loader_path/Frameworks",
				);
				PRODUCT_BUNDLE_IDENTIFIER = com.salilpunalekar.PongUITests;
				PRODUCT_NAME = "$(TARGET_NAME)";
				SWIFT_VERSION = 5.0;
				TARGETED_DEVICE_FAMILY = "1,2";
				TEST_TARGET_NAME = Pong;
			};
			name = Debug;
		};
		AF852AFA24E20263004C5D82 /* Release */ = {
			isa = XCBuildConfiguration;
			buildSettings = {
				ALWAYS_EMBED_SWIFT_STANDARD_LIBRARIES = YES;
				CODE_SIGN_STYLE = Automatic;
				INFOPLIST_FILE = PongUITests/Info.plist;
				LD_RUNPATH_SEARCH_PATHS = (
					"$(inherited)",
					"@executable_path/Frameworks",
					"@loader_path/Frameworks",
				);
				PRODUCT_BUNDLE_IDENTIFIER = com.salilpunalekar.PongUITests;
				PRODUCT_NAME = "$(TARGET_NAME)";
				SWIFT_VERSION = 5.0;
				TARGETED_DEVICE_FAMILY = "1,2";
				TEST_TARGET_NAME = Pong;
			};
			name = Release;
		};
/* End XCBuildConfiguration section */

/* Begin XCConfigurationList section */
		AF852ABF24E20262004C5D82 /* Build configuration list for PBXProject "Pong" */ = {
			isa = XCConfigurationList;
			buildConfigurations = (
				AF852AF024E20263004C5D82 /* Debug */,
				AF852AF124E20263004C5D82 /* Release */,
			);
			defaultConfigurationIsVisible = 0;
			defaultConfigurationName = Release;
		};
		AF852AF224E20263004C5D82 /* Build configuration list for PBXNativeTarget "Pong" */ = {
			isa = XCConfigurationList;
			buildConfigurations = (
				AF852AF324E20263004C5D82 /* Debug */,
				AF852AF424E20263004C5D82 /* Release */,
			);
			defaultConfigurationIsVisible = 0;
			defaultConfigurationName = Release;
		};
		AF852AF524E20263004C5D82 /* Build configuration list for PBXNativeTarget "PongTests" */ = {
			isa = XCConfigurationList;
			buildConfigurations = (
				AF852AF624E20263004C5D82 /* Debug */,
				AF852AF724E20263004C5D82 /* Release */,
			);
			defaultConfigurationIsVisible = 0;
			defaultConfigurationName = Release;
		};
		AF852AF824E20263004C5D82 /* Build configuration list for PBXNativeTarget "PongUITests" */ = {
			isa = XCConfigurationList;
			buildConfigurations = (
				AF852AF924E20263004C5D82 /* Debug */,
				AF852AFA24E20263004C5D82 /* Release */,
			);
			defaultConfigurationIsVisible = 0;
			defaultConfigurationName = Release;
		};
/* End XCConfigurationList section */
	};
	rootObject = AF852ABC24E20261004C5D82 /* Project object */;
}
